
Microsoft Visual Studio Solution File, Format Version 12.00
# Visual Studio Version 17
VisualStudioVersion = 17.12.35707.178 d17.12
MinimumVisualStudioVersion = 10.0.40219.1
Project("{FAE04EC0-301F-11D3-BF4B-00C04F79EFBC}") = "MobileUI2", "MobileUI2\MobileUI2.csproj", "{7037BA6C-C018-449C-87D5-3F5D99738DDD}"
EndProject
Project("{FAE04EC0-301F-11D3-BF4B-00C04F79EFBC}") = "MobileUI2.Components", "MobileUI2.Components\MobileUI2.Components.csproj", "{75852DF4-5DC0-492D-93C8-7050FC01D7B5}"
EndProject
Global
	GlobalSection(SolutionConfigurationPlatforms) = preSolution
		Debug|Any CPU = Debug|Any CPU
		Release|Any CPU = Release|Any CPU
	EndGlobalSection
	GlobalSection(ProjectConfigurationPlatforms) = postSolution
		{7037BA6C-C018-449C-87D5-3F5D99738DDD}.Debug|Any CPU.ActiveCfg = Debug|Any CPU
		{7037BA6C-C018-449C-87D5-3F5D99738DDD}.Debug|Any CPU.Build.0 = Debug|Any CPU
		{7037BA6C-C018-449C-87D5-3F5D99738DDD}.Debug|Any CPU.Deploy.0 = Debug|Any CPU
		{7037BA6C-C018-449C-87D5-3F5D99738DDD}.Release|Any CPU.ActiveCfg = Release|Any CPU
		{7037BA6C-C018-449C-87D5-3F5D99738DDD}.Release|Any CPU.Build.0 = Release|Any CPU
		{7037BA6C-C018-449C-87D5-3F5D99738DDD}.Release|Any CPU.Deploy.0 = Release|Any CPU
		{75852DF4-5DC0-492D-93C8-7050FC01D7B5}.Debug|Any CPU.ActiveCfg = Debug|Any CPU
		{75852DF4-5DC0-492D-93C8-7050FC01D7B5}.Debug|Any CPU.Build.0 = Debug|Any CPU
		{75852DF4-5DC0-492D-93C8-7050FC01D7B5}.Release|Any CPU.ActiveCfg = Release|Any CPU
		{75852DF4-5DC0-492D-93C8-7050FC01D7B5}.Release|Any CPU.Build.0 = Release|Any CPU
	EndGlobalSection
	GlobalSection(SolutionProperties) = preSolution
		HideSolutionNode = FALSE
	EndGlobalSection
EndGlobal
